Microsoft Visual Studio Solution File, Format Version 12.00
# MANAGED ROOT FILE — single source of truth:
#   automation/Catzc.Base.RootConfig/assets/root/catzc.sln
# Linked to the repo root by Build-RootConfig on every import — the root file IS this file. The note lives in
# this comment block — not a leading header — because MSBuild's solution parser requires the Format Version
# line at the top, and the format's own '#' comments only start after it.
#
# IDE-ONLY solution. It exists solely so VS Code's C# Dev Kit auto-loads Catzc.Types.csproj (Dev Kit loads a
# classic .sln but not a .slnx) and stops nagging "No solution file". Kept at the repo root so Dev Kit finds
# it at the workspace root; it references the project by relative path (the project lives under
# automation/.internal/assets). The runtime never touches it — the native C# type sources are compiled at
# import time by Add-Type, not MSBuild. See ADR native-csharp-types.
# Visual Studio Version 17
VisualStudioVersion = 17.0.31903.59
MinimumVisualStudioVersion = 10.0.40219.1
Project("{9A19103F-16F7-4668-BE54-9A1E7A4F7556}") = "Catzc.Types", "automation\.internal\assets\Catzc.Types.csproj", "{CA72C000-700E-5000-0000-EC7000000000}"
EndProject
Global
	GlobalSection(SolutionConfigurationPlatforms) = preSolution
		Debug|Any CPU = Debug|Any CPU
		Release|Any CPU = Release|Any CPU
	EndGlobalSection
	GlobalSection(ProjectConfigurationPlatforms) = postSolution
		{CA72C000-700E-5000-0000-EC7000000000}.Debug|Any CPU.ActiveCfg = Debug|Any CPU
		{CA72C000-700E-5000-0000-EC7000000000}.Debug|Any CPU.Build.0 = Debug|Any CPU
		{CA72C000-700E-5000-0000-EC7000000000}.Release|Any CPU.ActiveCfg = Release|Any CPU
		{CA72C000-700E-5000-0000-EC7000000000}.Release|Any CPU.Build.0 = Release|Any CPU
	EndGlobalSection
	GlobalSection(SolutionProperties) = preSolution
		HideSolutionNode = FALSE
	EndGlobalSection
EndGlobal
